
Microsoft Visual Studio Solution File, Format Version 12.00
# Visual Studio Version 17
VisualStudioVersion = 17.5.002.0
MinimumVisualStudioVersion = 10.0.40219.1
Project("{2150E333-8FDC-42A3-9474-1A3956D46DE8}") = "csharp-prep", "csharp-prep", "{4A39A37B-D72C-4BD4-BAFC-C4B029652C02}"
EndProject
Project("{9A19103F-16F7-4668-BE54-9A1E7A4F7556}") = "Prep1", "csharp-prep\Prep1\Prep1.csproj", "{9D0D6D12-DDE5-494F-BF28-2B335F161F4B}"
EndProject
Project("{9A19103F-16F7-4668-BE54-9A1E7A4F7556}") = "Prep2", "csharp-prep\Prep2\Prep2.csproj", "{AE2039A6-658C-46AF-A3E9-4C0341589899}"
EndProject
Project("{9A19103F-16F7-4668-BE54-9A1E7A4F7556}") = "Prep3", "csharp-prep\Prep3\Prep3.csproj", "{895FD467-5AB4-4071-984D-F5AE8D34B91E}"
EndProject
Project("{9A19103F-16F7-4668-BE54-9A1E7A4F7556}") = "Prep4", "csharp-prep\Prep4\Prep4.csproj", "{DCDF19FC-29F4-481A-BA6F-08A065D0E06E}"
EndProject
Project("{9A19103F-16F7-4668-BE54-9A1E7A4F7556}") = "Prep5", "csharp-prep\Prep5\Prep5.csproj", "{72F043EC-C35A-43C7-AEBF-71ACC5284B01}"
EndProject
Project("{2150E333-8FDC-42A3-9474-1A3956D46DE8}") = "final", "final", "{B657BD1D-A464-484F-8A5B-2414F5C87713}"
EndProject
Project("{9A19103F-16F7-4668-BE54-9A1E7A4F7556}") = "FinalProject", "final\FinalProject\FinalProject.csproj", "{FA08A925-7A6A-498B-9572-C8A65A551F77}"
EndProject
Project("{9A19103F-16F7-4668-BE54-9A1E7A4F7556}") = "Foundation1", "final\Foundation1\Foundation1.csproj", "{7570D295-98B1-4A3A-8EF5-6E41FB2AFDF6}"
EndProject
Project("{9A19103F-16F7-4668-BE54-9A1E7A4F7556}") = "Foundation2", "final\Foundation2\Foundation2.csproj", "{C0C3D9CE-595E-4F28-A541-A3FA90E8757A}"
EndProject
Project("{9A19103F-16F7-4668-BE54-9A1E7A4F7556}") = "Foundation3", "final\Foundation3\Foundation3.csproj", "{B7171C28-8E1B-4A8B-BF03-7EC97E0A1DE5}"
EndProject
Project("{9A19103F-16F7-4668-BE54-9A1E7A4F7556}") = "Foundation4", "final\Foundation4\Foundation4.csproj", "{092B51FE-FED0-438C-B436-93100E40A9BA}"
EndProject
Project("{2150E333-8FDC-42A3-9474-1A3956D46DE8}") = "prepare", "prepare", "{F0B73C7C-ADE3-4E87-BE50-09B56B01F213}"
EndProject
Project("{9A19103F-16F7-4668-BE54-9A1E7A4F7556}") = "Learning02", "prepare\Learning02\Learning02.csproj", "{492C7CFD-05EE-4E7A-9AEA-AD058272F153}"
EndProject
Project("{9A19103F-16F7-4668-BE54-9A1E7A4F7556}") = "Learning03", "prepare\Learning03\Learning03.csproj", "{E7364482-FB3B-4CA8-8DB6-0A863E5F7745}"
EndProject
Project("{9A19103F-16F7-4668-BE54-9A1E7A4F7556}") = "Learning04", "prepare\Learning04\Learning04.csproj", "{0C4628DD-7C1C-4FBC-8999-F2F86276CD25}"
EndProject
Project("{9A19103F-16F7-4668-BE54-9A1E7A4F7556}") = "Learning05", "prepare\Learning05\Learning05.csproj", "{28D10856-8339-4D3D-B838-21D2C40D8841}"
EndProject
Project("{2150E333-8FDC-42A3-9474-1A3956D46DE8}") = "prove", "prove", "{09D9F593-490E-4042-A388-92DFB0513513}"
EndProject
Project("{9A19103F-16F7-4668-BE54-9A1E7A4F7556}") = "Develop02", "prove\Develop02\Develop02.csproj", "{AC18CD94-45C0-49E7-862D-513BBED5AC17}"
EndProject
Project("{9A19103F-16F7-4668-BE54-9A1E7A4F7556}") = "Develop03", "prove\Develop03\Develop03.csproj", "{EAB3D8DB-6814-44A2-A419-26F9F0A5945A}"
EndProject
Project("{9A19103F-16F7-4668-BE54-9A1E7A4F7556}") = "Develop04", "prove\Develop04\Develop04.csproj", "{7EFEF796-0A9C-4891-A8F9-58071E240F76}"
EndProject
Project("{9A19103F-16F7-4668-BE54-9A1E7A4F7556}") = "Develop05", "prove\Develop05\Develop05.csproj", "{07D88EE1-B8F0-4E30-BC9C-3B7EE99FF1A8}"
EndProject
Project("{2150E333-8FDC-42A3-9474-1A3956D46DE8}") = "sandbox", "sandbox", "{11C5276E-D3C3-47B5-8D0C-4F46214DEB60}"
EndProject
Project("{9A19103F-16F7-4668-BE54-9A1E7A4F7556}") = "Sandbox", "sandbox\Sandbox\Sandbox.csproj", "{FA401868-36B9-4205-A9B6-4478D5F2A845}"
EndProject
Global
	GlobalSection(SolutionConfigurationPlatforms) = preSolution
		Debug|Any CPU = Debug|Any CPU
		Release|Any CPU = Release|Any CPU
	EndGlobalSection
	GlobalSection(ProjectConfigurationPlatforms) = postSolution
		{9D0D6D12-DDE5-494F-BF28-2B335F161F4B}.Debug|Any CPU.ActiveCfg = Debug|Any CPU
		{9D0D6D12-DDE5-494F-BF28-2B335F161F4B}.Debug|Any CPU.Build.0 = Debug|Any CPU
		{9D0D6D12-DDE5-494F-BF28-2B335F161F4B}.Release|Any CPU.ActiveCfg = Release|Any CPU
		{9D0D6D12-DDE5-494F-BF28-2B335F161F4B}.Release|Any CPU.Build.0 = Release|Any CPU
		{AE2039A6-658C-46AF-A3E9-4C0341589899}.Debug|Any CPU.ActiveCfg = Debug|Any CPU
		{AE2039A6-658C-46AF-A3E9-4C0341589899}.Debug|Any CPU.Build.0 = Debug|Any CPU
		{AE2039A6-658C-46AF-A3E9-4C0341589899}.Release|Any CPU.ActiveCfg = Release|Any CPU
		{AE2039A6-658C-46AF-A3E9-4C0341589899}.Release|Any CPU.Build.0 = Release|Any CPU
		{895FD467-5AB4-4071-984D-F5AE8D34B91E}.Debug|Any CPU.ActiveCfg = Debug|Any CPU
		{895FD467-5AB4-4071-984D-F5AE8D34B91E}.Debug|Any CPU.Build.0 = Debug|Any CPU
		{895FD467-5AB4-4071-984D-F5AE8D34B91E}.Release|Any CPU.ActiveCfg = Release|Any CPU
		{895FD467-5AB4-4071-984D-F5AE8D34B91E}.Release|Any CPU.Build.0 = Release|Any CPU
		{DCDF19FC-29F4-481A-BA6F-08A065D0E06E}.Debug|Any CPU.ActiveCfg = Debug|Any CPU
		{DCDF19FC-29F4-481A-BA6F-08A065D0E06E}.Debug|Any CPU.Build.0 = Debug|Any CPU
		{DCDF19FC-29F4-481A-BA6F-08A065D0E06E}.Release|Any CPU.ActiveCfg = Release|Any CPU
		{DCDF19FC-29F4-481A-BA6F-08A065D0E06E}.Release|Any CPU.Build.0 = Release|Any CPU
		{72F043EC-C35A-43C7-AEBF-71ACC5284B01}.Debug|Any CPU.ActiveCfg = Debug|Any CPU
		{72F043EC-C35A-43C7-AEBF-71ACC5284B01}.Debug|Any CPU.Build.0 = Debug|Any CPU
		{72F043EC-C35A-43C7-AEBF-71ACC5284B01}.Release|Any CPU.ActiveCfg = Release|Any CPU
		{72F043EC-C35A-43C7-AEBF-71ACC5284B01}.Release|Any CPU.Build.0 = Release|Any CPU
		{FA08A925-7A6A-498B-9572-C8A65A551F77}.Debug|Any CPU.ActiveCfg = Debug|Any CPU
		{FA08A925-7A6A-498B-9572-C8A65A551F77}.Debug|Any CPU.Build.0 = Debug|Any CPU
		{FA08A925-7A6A-498B-9572-C8A65A551F77}.Release|Any CPU.ActiveCfg = Release|Any CPU
		{FA08A925-7A6A-498B-9572-C8A65A551F77}.Release|Any CPU.Build.0 = Release|Any CPU
		{7570D295-98B1-4A3A-8EF5-6E41FB2AFDF6}.Debug|Any CPU.ActiveCfg = Debug|Any CPU
		{7570D295-98B1-4A3A-8EF5-6E41FB2AFDF6}.Debug|Any CPU.Build.0 = Debug|Any CPU
		{7570D295-98B1-4A3A-8EF5-6E41FB2AFDF6}.Release|Any CPU.ActiveCfg = Release|Any CPU
		{7570D295-98B1-4A3A-8EF5-6E41FB2AFDF6}.Release|Any CPU.Build.0 = Release|Any CPU
		{C0C3D9CE-595E-4F28-A541-A3FA90E8757A}.Debug|Any CPU.ActiveCfg = Debug|Any CPU
		{C0C3D9CE-595E-4F28-A541-A3FA90E8757A}.Debug|Any CPU.Build.0 = Debug|Any CPU
		{C0C3D9CE-595E-4F28-A541-A3FA90E8757A}.Release|Any CPU.ActiveCfg = Release|Any CPU
		{C0C3D9CE-595E-4F28-A541-A3FA90E8757A}.Release|Any CPU.Build.0 = Release|Any CPU
		{B7171C28-8E1B-4A8B-BF03-7EC97E0A1DE5}.Debug|Any CPU.ActiveCfg = Debug|Any CPU
		{B7171C28-8E1B-4A8B-BF03-7EC97E0A1DE5}.Debug|Any CPU.Build.0 = Debug|Any CPU
		{B7171C28-8E1B-4A8B-BF03-7EC97E0A1DE5}.Release|Any CPU.ActiveCfg = Release|Any CPU
		{B7171C28-8E1B-4A8B-BF03-7EC97E0A1DE5}.Release|Any CPU.Build.0 = Release|Any CPU
		{092B51FE-FED0-438C-B436-93100E40A9BA}.Debug|Any CPU.ActiveCfg = Debug|Any CPU
		{092B51FE-FED0-438C-B436-93100E40A9BA}.Debug|Any CPU.Build.0 = Debug|Any CPU
		{092B51FE-FED0-438C-B436-93100E40A9BA}.Release|Any CPU.ActiveCfg = Release|Any CPU
		{092B51FE-FED0-438C-B436-93100E40A9BA}.Release|Any CPU.Build.0 = Release|Any CPU
		{492C7CFD-05EE-4E7A-9AEA-AD058272F153}.Debug|Any CPU.ActiveCfg = Debug|Any CPU
		{492C7CFD-05EE-4E7A-9AEA-AD058272F153}.Debug|Any CPU.Build.0 = Debug|Any CPU
		{492C7CFD-05EE-4E7A-9AEA-AD058272F153}.Release|Any CPU.ActiveCfg = Release|Any CPU
		{492C7CFD-05EE-4E7A-9AEA-AD058272F153}.Release|Any CPU.Build.0 = Release|Any CPU
		{E7364482-FB3B-4CA8-8DB6-0A863E5F7745}.Debug|Any CPU.ActiveCfg = Debug|Any CPU
		{E7364482-FB3B-4CA8-8DB6-0A863E5F7745}.Debug|Any CPU.Build.0 = Debug|Any CPU
		{E7364482-FB3B-4CA8-8DB6-0A863E5F7745}.Release|Any CPU.ActiveCfg = Release|Any CPU
		{E7364482-FB3B-4CA8-8DB6-0A863E5F7745}.Release|Any CPU.Build.0 = Release|Any CPU
		{0C4628DD-7C1C-4FBC-8999-F2F86276CD25}.Debug|Any CPU.ActiveCfg = Debug|Any CPU
		{0C4628DD-7C1C-4FBC-8999-F2F86276CD25}.Debug|Any CPU.Build.0 = Debug|Any CPU
		{0C4628DD-7C1C-4FBC-8999-F2F86276CD25}.Release|Any CPU.ActiveCfg = Release|Any CPU
		{0C4628DD-7C1C-4FBC-8999-F2F86276CD25}.Release|Any CPU.Build.0 = Release|Any CPU
		{28D10856-8339-4D3D-B838-21D2C40D8841}.Debug|Any CPU.ActiveCfg = Debug|Any CPU
		{28D10856-8339-4D3D-B838-21D2C40D8841}.Debug|Any CPU.Build.0 = Debug|Any CPU
		{28D10856-8339-4D3D-B838-21D2C40D8841}.Release|Any CPU.ActiveCfg = Release|Any CPU
		{28D10856-8339-4D3D-B838-21D2C40D8841}.Release|Any CPU.Build.0 = Release|Any CPU
		{AC18CD94-45C0-49E7-862D-513BBED5AC17}.Debug|Any CPU.ActiveCfg = Debug|Any CPU
		{AC18CD94-45C0-49E7-862D-513BBED5AC17}.Debug|Any CPU.Build.0 = Debug|Any CPU
		{AC18CD94-45C0-49E7-862D-513BBED5AC17}.Release|Any CPU.ActiveCfg = Release|Any CPU
		{AC18CD94-45C0-49E7-862D-513BBED5AC17}.Release|Any CPU.Build.0 = Release|Any CPU
		{EAB3D8DB-6814-44A2-A419-26F9F0A5945A}.Debug|Any CPU.ActiveCfg = Debug|Any CPU
		{EAB3D8DB-6814-44A2-A419-26F9F0A5945A}.Debug|Any CPU.Build.0 = Debug|Any CPU
		{EAB3D8DB-6814-44A2-A419-26F9F0A5945A}.Release|Any CPU.ActiveCfg = Release|Any CPU
		{EAB3D8DB-6814-44A2-A419-26F9F0A5945A}.Release|Any CPU.Build.0 = Release|Any CPU
		{7EFEF796-0A9C-4891-A8F9-58071E240F76}.Debug|Any CPU.ActiveCfg = Debug|Any CPU
		{7EFEF796-0A9C-4891-A8F9-58071E240F76}.Debug|Any CPU.Build.0 = Debug|Any CPU
		{7EFEF796-0A9C-4891-A8F9-58071E240F76}.Release|Any CPU.ActiveCfg = Release|Any CPU
		{7EFEF796-0A9C-4891-A8F9-58071E240F76}.Release|Any CPU.Build.0 = Release|Any CPU
		{07D88EE1-B8F0-4E30-BC9C-3B7EE99FF1A8}.Debug|Any CPU.ActiveCfg = Debug|Any CPU
		{07D88EE1-B8F0-4E30-BC9C-3B7EE99FF1A8}.Debug|Any CPU.Build.0 = Debug|Any CPU
		{07D88EE1-B8F0-4E30-BC9C-3B7EE99FF1A8}.Release|Any CPU.ActiveCfg = Release|Any CPU
		{07D88EE1-B8F0-4E30-BC9C-3B7EE99FF1A8}.Release|Any CPU.Build.0 = Release|Any CPU
		{FA401868-36B9-4205-A9B6-4478D5F2A845}.Debug|Any CPU.ActiveCfg = Debug|Any CPU
		{FA401868-36B9-4205-A9B6-4478D5F2A845}.Debug|Any CPU.Build.0 = Debug|Any CPU
		{FA401868-36B9-4205-A9B6-4478D5F2A845}.Release|Any CPU.ActiveCfg = Release|Any CPU
		{FA401868-36B9-4205-A9B6-4478D5F2A845}.Release|Any CPU.Build.0 = Release|Any CPU
	EndGlobalSection
	GlobalSection(SolutionProperties) = preSolution
		HideSolutionNode = FALSE
	EndGlobalSection
	GlobalSection(NestedProjects) = preSolution
		{9D0D6D12-DDE5-494F-BF28-2B335F161F4B} = {4A39A37B-D72C-4BD4-BAFC-C4B029652C02}
		{AE2039A6-658C-46AF-A3E9-4C0341589899} = {4A39A37B-D72C-4BD4-BAFC-C4B029652C02}
		{895FD467-5AB4-4071-984D-F5AE8D34B91E} = {4A39A37B-D72C-4BD4-BAFC-C4B029652C02}
		{DCDF19FC-29F4-481A-BA6F-08A065D0E06E} = {4A39A37B-D72C-4BD4-BAFC-C4B029652C02}
		{72F043EC-C35A-43C7-AEBF-71ACC5284B01} = {4A39A37B-D72C-4BD4-BAFC-C4B029652C02}
		{FA08A925-7A6A-498B-9572-C8A65A551F77} = {B657BD1D-A464-484F-8A5B-2414F5C87713}
		{7570D295-98B1-4A3A-8EF5-6E41FB2AFDF6} = {B657BD1D-A464-484F-8A5B-2414F5C87713}
		{C0C3D9CE-595E-4F28-A541-A3FA90E8757A} = {B657BD1D-A464-484F-8A5B-2414F5C87713}
		{B7171C28-8E1B-4A8B-BF03-7EC97E0A1DE5} = {B657BD1D-A464-484F-8A5B-2414F5C87713}
		{092B51FE-FED0-438C-B436-93100E40A9BA} = {B657BD1D-A464-484F-8A5B-2414F5C87713}
		{492C7CFD-05EE-4E7A-9AEA-AD058272F153} = {F0B73C7C-ADE3-4E87-BE50-09B56B01F213}
		{E7364482-FB3B-4CA8-8DB6-0A863E5F7745} = {F0B73C7C-ADE3-4E87-BE50-09B56B01F213}
		{0C4628DD-7C1C-4FBC-8999-F2F86276CD25} = {F0B73C7C-ADE3-4E87-BE50-09B56B01F213}
		{28D10856-8339-4D3D-B838-21D2C40D8841} = {F0B73C7C-ADE3-4E87-BE50-09B56B01F213}
		{AC18CD94-45C0-49E7-862D-513BBED5AC17} = {09D9F593-490E-4042-A388-92DFB0513513}
		{EAB3D8DB-6814-44A2-A419-26F9F0A5945A} = {09D9F593-490E-4042-A388-92DFB0513513}
		{7EFEF796-0A9C-4891-A8F9-58071E240F76} = {09D9F593-490E-4042-A388-92DFB0513513}
		{07D88EE1-B8F0-4E30-BC9C-3B7EE99FF1A8} = {09D9F593-490E-4042-A388-92DFB0513513}
		{FA401868-36B9-4205-A9B6-4478D5F2A845} = {11C5276E-D3C3-47B5-8D0C-4F46214DEB60}
	EndGlobalSection
	GlobalSection(ExtensibilityGlobals) = postSolution
		SolutionGuid = {D1871C5C-BBEB-46A8-88BE-FC98C0A7B587}
	EndGlobalSection
EndGlobal
